
Microsoft Visual Studio Solution File, Format Version 12.00
# Visual Studio Version 16
VisualStudioVersion = 16.0.28803.352
MinimumVisualStudioVersion = 10.0.40219.1
Project("{8BC9CEB8-8B4A-11D0-8D11-00A0C91BC942}") = "24", "24\24.vcxproj", "{C48F3118-5184-4C4E-8E1F-F01D9045A25B}"
EndProject
Global
	GlobalSection(SolutionConfigurationPlatforms) = preSolution
		Debug|x64 = Debug|x64
		Debug|x86 = Debug|x86
		Release|x64 = Release|x64
		Release|x86 = Release|x86
	EndGlobalSection
	GlobalSection(ProjectConfigurationPlatforms) = postSolution
		{C48F3118-5184-4C4E-8E1F-F01D9045A25B}.Debug|x64.ActiveCfg = Debug|x64
		{C48F3118-5184-4C4E-8E1F-F01D9045A25B}.Debug|x64.Build.0 = Debug|x64
		{C48F3118-5184-4C4E-8E1F-F01D9045A25B}.Debug|x86.ActiveCfg = Debug|Win32
		{C48F3118-5184-4C4E-8E1F-F01D9045A25B}.Debug|x86.Build.0 = Debug|Win32
		{C48F3118-5184-4C4E-8E1F-F01D9045A25B}.Release|x64.ActiveCfg = Release|x64
		{C48F3118-5184-4C4E-8E1F-F01D9045A25B}.Release|x64.Build.0 = Release|x64
		{C48F3118-5184-4C4E-8E1F-F01D9045A25B}.Release|x86.ActiveCfg = Release|Win32
		{C48F3118-5184-4C4E-8E1F-F01D9045A25B}.Release|x86.Build.0 = Release|Win32
	EndGlobalSection
	GlobalSection(SolutionProperties) = preSolution
		HideSolutionNode = FALSE
	EndGlobalSection
	GlobalSection(ExtensibilityGlobals) = postSolution
		SolutionGuid = {5202CA1A-BF6D-49F2-BFCB-87A8B5EE13F1}
	EndGlobalSection
EndGlobal
