
Microsoft Visual Studio Solution File, Format Version 12.00
# Visual Studio Version 16
VisualStudioVersion = 16.0.28803.352
MinimumVisualStudioVersion = 10.0.40219.1
Project("{8BC9CEB8-8B4A-11D0-8D11-00A0C91BC942}") = "ColorareHarta", "ColorareHarta\ColorareHarta.vcxproj", "{937D8B0B-0759-4975-B18B-7E291D40F307}"
EndProject
Global
	GlobalSection(SolutionConfigurationPlatforms) = preSolution
		Debug|x64 = Debug|x64
		Debug|x86 = Debug|x86
		Release|x64 = Release|x64
		Release|x86 = Release|x86
	EndGlobalSection
	GlobalSection(ProjectConfigurationPlatforms) = postSolution
		{937D8B0B-0759-4975-B18B-7E291D40F307}.Debug|x64.ActiveCfg = Debug|x64
		{937D8B0B-0759-4975-B18B-7E291D40F307}.Debug|x64.Build.0 = Debug|x64
		{937D8B0B-0759-4975-B18B-7E291D40F307}.Debug|x86.ActiveCfg = Debug|Win32
		{937D8B0B-0759-4975-B18B-7E291D40F307}.Debug|x86.Build.0 = Debug|Win32
		{937D8B0B-0759-4975-B18B-7E291D40F307}.Release|x64.ActiveCfg = Release|x64
		{937D8B0B-0759-4975-B18B-7E291D40F307}.Release|x64.Build.0 = Release|x64
		{937D8B0B-0759-4975-B18B-7E291D40F307}.Release|x86.ActiveCfg = Release|Win32
		{937D8B0B-0759-4975-B18B-7E291D40F307}.Release|x86.Build.0 = Release|Win32
	EndGlobalSection
	GlobalSection(SolutionProperties) = preSolution
		HideSolutionNode = FALSE
	EndGlobalSection
	GlobalSection(ExtensibilityGlobals) = postSolution
		SolutionGuid = {4C3DF250-4621-4A69-B764-8460B05634E5}
	EndGlobalSection
EndGlobal
