
Microsoft Visual Studio Solution File, Format Version 12.00
# Visual Studio Version 16
VisualStudioVersion = 16.0.28803.352
MinimumVisualStudioVersion = 10.0.40219.1
Project("{8BC9CEB8-8B4A-11D0-8D11-00A0C91BC942}") = "10", "10\10.vcxproj", "{ED3A5365-197F-4184-AD3F-7DD52F08DE7F}"
EndProject
Global
	GlobalSection(SolutionConfigurationPlatforms) = preSolution
		Debug|x64 = Debug|x64
		Debug|x86 = Debug|x86
		Release|x64 = Release|x64
		Release|x86 = Release|x86
	EndGlobalSection
	GlobalSection(ProjectConfigurationPlatforms) = postSolution
		{ED3A5365-197F-4184-AD3F-7DD52F08DE7F}.Debug|x64.ActiveCfg = Debug|x64
		{ED3A5365-197F-4184-AD3F-7DD52F08DE7F}.Debug|x64.Build.0 = Debug|x64
		{ED3A5365-197F-4184-AD3F-7DD52F08DE7F}.Debug|x86.ActiveCfg = Debug|Win32
		{ED3A5365-197F-4184-AD3F-7DD52F08DE7F}.Debug|x86.Build.0 = Debug|Win32
		{ED3A5365-197F-4184-AD3F-7DD52F08DE7F}.Release|x64.ActiveCfg = Release|x64
		{ED3A5365-197F-4184-AD3F-7DD52F08DE7F}.Release|x64.Build.0 = Release|x64
		{ED3A5365-197F-4184-AD3F-7DD52F08DE7F}.Release|x86.ActiveCfg = Release|Win32
		{ED3A5365-197F-4184-AD3F-7DD52F08DE7F}.Release|x86.Build.0 = Release|Win32
	EndGlobalSection
	GlobalSection(SolutionProperties) = preSolution
		HideSolutionNode = FALSE
	EndGlobalSection
	GlobalSection(ExtensibilityGlobals) = postSolution
		SolutionGuid = {08EC8FD7-6BF5-45AB-AB09-4595A7A0EE73}
	EndGlobalSection
EndGlobal
