
Microsoft Visual Studio Solution File, Format Version 12.00
# Visual Studio Version 16
VisualStudioVersion = 16.0.28803.352
MinimumVisualStudioVersion = 10.0.40219.1
Project("{8BC9CEB8-8B4A-11D0-8D11-00A0C91BC942}") = "13", "13\13.vcxproj", "{D6237C2B-E2B4-4559-A47E-6D2A89731118}"
EndProject
Global
	GlobalSection(SolutionConfigurationPlatforms) = preSolution
		Debug|x64 = Debug|x64
		Debug|x86 = Debug|x86
		Release|x64 = Release|x64
		Release|x86 = Release|x86
	EndGlobalSection
	GlobalSection(ProjectConfigurationPlatforms) = postSolution
		{D6237C2B-E2B4-4559-A47E-6D2A89731118}.Debug|x64.ActiveCfg = Debug|x64
		{D6237C2B-E2B4-4559-A47E-6D2A89731118}.Debug|x64.Build.0 = Debug|x64
		{D6237C2B-E2B4-4559-A47E-6D2A89731118}.Debug|x86.ActiveCfg = Debug|Win32
		{D6237C2B-E2B4-4559-A47E-6D2A89731118}.Debug|x86.Build.0 = Debug|Win32
		{D6237C2B-E2B4-4559-A47E-6D2A89731118}.Release|x64.ActiveCfg = Release|x64
		{D6237C2B-E2B4-4559-A47E-6D2A89731118}.Release|x64.Build.0 = Release|x64
		{D6237C2B-E2B4-4559-A47E-6D2A89731118}.Release|x86.ActiveCfg = Release|Win32
		{D6237C2B-E2B4-4559-A47E-6D2A89731118}.Release|x86.Build.0 = Release|Win32
	EndGlobalSection
	GlobalSection(SolutionProperties) = preSolution
		HideSolutionNode = FALSE
	EndGlobalSection
	GlobalSection(ExtensibilityGlobals) = postSolution
		SolutionGuid = {A426A954-BF55-43E0-ADF7-F8FF88863421}
	EndGlobalSection
EndGlobal
